
Microsoft Visual Studio Solution File, Format Version 12.00
# Visual Studio Version 16
VisualStudioVersion = 16.0.30011.22
MinimumVisualStudioVersion = 10.0.40219.1
Project("{9A19103F-16F7-4668-BE54-9A1E7A4F7556}") = "CVOnline", "CVOnline\CVOnline.csproj", "{77335831-D83E-4BE1-9605-8BD8401383B6}"
EndProject
Project("{FAE04EC0-301F-11D3-BF4B-00C04F79EFBC}") = "Client", "Client\Client.csproj", "{0ED208F7-92B1-4D91-A000-1D6F210A708D}"
EndProject
Global
	GlobalSection(SolutionConfigurationPlatforms) = preSolution
		Debug|Any CPU = Debug|Any CPU
		Release|Any CPU = Release|Any CPU
	EndGlobalSection
	GlobalSection(ProjectConfigurationPlatforms) = postSolution
		{77335831-D83E-4BE1-9605-8BD8401383B6}.Debug|Any CPU.ActiveCfg = Debug|Any CPU
		{77335831-D83E-4BE1-9605-8BD8401383B6}.Debug|Any CPU.Build.0 = Debug|Any CPU
		{77335831-D83E-4BE1-9605-8BD8401383B6}.Release|Any CPU.ActiveCfg = Release|Any CPU
		{77335831-D83E-4BE1-9605-8BD8401383B6}.Release|Any CPU.Build.0 = Release|Any CPU
		{0ED208F7-92B1-4D91-A000-1D6F210A708D}.Debug|Any CPU.ActiveCfg = Debug|Any CPU
		{0ED208F7-92B1-4D91-A000-1D6F210A708D}.Debug|Any CPU.Build.0 = Debug|Any CPU
		{0ED208F7-92B1-4D91-A000-1D6F210A708D}.Release|Any CPU.ActiveCfg = Release|Any CPU
		{0ED208F7-92B1-4D91-A000-1D6F210A708D}.Release|Any CPU.Build.0 = Release|Any CPU
	EndGlobalSection
	GlobalSection(SolutionProperties) = preSolution
		HideSolutionNode = FALSE
	EndGlobalSection
	GlobalSection(ExtensibilityGlobals) = postSolution
		SolutionGuid = {6725AAEC-4106-45CF-98C2-2F4D4C046B7C}
	EndGlobalSection
EndGlobal
